
Microsoft Visual Studio Solution File, Format Version 12.00
# Visual Studio Version 16
VisualStudioVersion = 16.0.30320.27
MinimumVisualStudioVersion = 15.0.26124.0
Project("{2150E333-8FDC-42A3-9474-1A3956D46DE8}") = "source", "source", "{D524C632-A572-4AAD-9AB6-F80832FC2FEB}"
EndProject
Project("{9A19103F-16F7-4668-BE54-9A1E7A4F7556}") = "dotnetmap", "source\dotnetmap\dotnetmap.csproj", "{1DBC9C5A-B63C-4E71-B74E-09C56C9E572B}"
EndProject
Project("{9A19103F-16F7-4668-BE54-9A1E7A4F7556}") = "Landorphan.BuildMap", "source\Landorphan.BuildMap\Landorphan.BuildMap.csproj", "{FE78ADA2-2EAF-40A1-966B-E36450F11C88}"
EndProject
Project("{2150E333-8FDC-42A3-9474-1A3956D46DE8}") = "test", "test", "{4CA46513-1029-4EE4-83B6-882623A9F7FB}"
EndProject
Project("{9A19103F-16F7-4668-BE54-9A1E7A4F7556}") = "Landorphan.BuildMap.UnitTests", "test\Landorphan.BuildMap.UnitTests\Landorphan.BuildMap.UnitTests.csproj", "{AC59C39F-835C-49D9-BAE7-A3053E6700A9}"
EndProject
Project("{2150E333-8FDC-42A3-9474-1A3956D46DE8}") = "CodeAnalysis", "CodeAnalysis", "{8FC3C647-741C-417F-8D3B-022E9A457955}"
	ProjectSection(SolutionItems) = preProject
		CodeAnalysis\AllRules.16.5.WithSonarLint.ruleset = CodeAnalysis\AllRules.16.5.WithSonarLint.ruleset
		CodeAnalysis\CustomDictionary.xml = CodeAnalysis\CustomDictionary.xml
		CodeAnalysis\Default.Source.16.5.WithSonarLint.ruleset = CodeAnalysis\Default.Source.16.5.WithSonarLint.ruleset
		CodeAnalysis\Default.Test.16.5.WithSonarLint.ruleset = CodeAnalysis\Default.Test.16.5.WithSonarLint.ruleset
	EndProjectSection
EndProject
Project("{FAE04EC0-301F-11D3-BF4B-00C04F79EFBC}") = "Landorphan.Abstractions.AltFs.Paths", "Landorphan.Abstractions.AltFs.Paths\Landorphan.Abstractions.AltFs.Paths.csproj", "{83CB3B3A-93DB-4516-BC9F-C84E5D13A29F}"
EndProject
Global
	GlobalSection(SolutionConfigurationPlatforms) = preSolution
		Debug|Any CPU = Debug|Any CPU
		Debug|x64 = Debug|x64
		Debug|x86 = Debug|x86
		Release|Any CPU = Release|Any CPU
		Release|x64 = Release|x64
		Release|x86 = Release|x86
	EndGlobalSection
	GlobalSection(ProjectConfigurationPlatforms) = postSolution
		{1DBC9C5A-B63C-4E71-B74E-09C56C9E572B}.Debug|Any CPU.ActiveCfg = Debug|Any CPU
		{1DBC9C5A-B63C-4E71-B74E-09C56C9E572B}.Debug|Any CPU.Build.0 = Debug|Any CPU
		{1DBC9C5A-B63C-4E71-B74E-09C56C9E572B}.Debug|x64.ActiveCfg = Debug|Any CPU
		{1DBC9C5A-B63C-4E71-B74E-09C56C9E572B}.Debug|x64.Build.0 = Debug|Any CPU
		{1DBC9C5A-B63C-4E71-B74E-09C56C9E572B}.Debug|x86.ActiveCfg = Debug|Any CPU
		{1DBC9C5A-B63C-4E71-B74E-09C56C9E572B}.Debug|x86.Build.0 = Debug|Any CPU
		{1DBC9C5A-B63C-4E71-B74E-09C56C9E572B}.Release|Any CPU.ActiveCfg = Release|Any CPU
		{1DBC9C5A-B63C-4E71-B74E-09C56C9E572B}.Release|Any CPU.Build.0 = Release|Any CPU
		{1DBC9C5A-B63C-4E71-B74E-09C56C9E572B}.Release|x64.ActiveCfg = Release|Any CPU
		{1DBC9C5A-B63C-4E71-B74E-09C56C9E572B}.Release|x64.Build.0 = Release|Any CPU
		{1DBC9C5A-B63C-4E71-B74E-09C56C9E572B}.Release|x86.ActiveCfg = Release|Any CPU
		{1DBC9C5A-B63C-4E71-B74E-09C56C9E572B}.Release|x86.Build.0 = Release|Any CPU
		{FE78ADA2-2EAF-40A1-966B-E36450F11C88}.Debug|Any CPU.ActiveCfg = Debug|Any CPU
		{FE78ADA2-2EAF-40A1-966B-E36450F11C88}.Debug|Any CPU.Build.0 = Debug|Any CPU
		{FE78ADA2-2EAF-40A1-966B-E36450F11C88}.Debug|x64.ActiveCfg = Debug|Any CPU
		{FE78ADA2-2EAF-40A1-966B-E36450F11C88}.Debug|x64.Build.0 = Debug|Any CPU
		{FE78ADA2-2EAF-40A1-966B-E36450F11C88}.Debug|x86.ActiveCfg = Debug|Any CPU
		{FE78ADA2-2EAF-40A1-966B-E36450F11C88}.Debug|x86.Build.0 = Debug|Any CPU
		{FE78ADA2-2EAF-40A1-966B-E36450F11C88}.Release|Any CPU.ActiveCfg = Release|Any CPU
		{FE78ADA2-2EAF-40A1-966B-E36450F11C88}.Release|Any CPU.Build.0 = Release|Any CPU
		{FE78ADA2-2EAF-40A1-966B-E36450F11C88}.Release|x64.ActiveCfg = Release|Any CPU
		{FE78ADA2-2EAF-40A1-966B-E36450F11C88}.Release|x64.Build.0 = Release|Any CPU
		{FE78ADA2-2EAF-40A1-966B-E36450F11C88}.Release|x86.ActiveCfg = Release|Any CPU
		{FE78ADA2-2EAF-40A1-966B-E36450F11C88}.Release|x86.Build.0 = Release|Any CPU
		{AC59C39F-835C-49D9-BAE7-A3053E6700A9}.Debug|Any CPU.ActiveCfg = Debug|Any CPU
		{AC59C39F-835C-49D9-BAE7-A3053E6700A9}.Debug|Any CPU.Build.0 = Debug|Any CPU
		{AC59C39F-835C-49D9-BAE7-A3053E6700A9}.Debug|x64.ActiveCfg = Debug|Any CPU
		{AC59C39F-835C-49D9-BAE7-A3053E6700A9}.Debug|x64.Build.0 = Debug|Any CPU
		{AC59C39F-835C-49D9-BAE7-A3053E6700A9}.Debug|x86.ActiveCfg = Debug|Any CPU
		{AC59C39F-835C-49D9-BAE7-A3053E6700A9}.Debug|x86.Build.0 = Debug|Any CPU
		{AC59C39F-835C-49D9-BAE7-A3053E6700A9}.Release|Any CPU.ActiveCfg = Release|Any CPU
		{AC59C39F-835C-49D9-BAE7-A3053E6700A9}.Release|Any CPU.Build.0 = Release|Any CPU
		{AC59C39F-835C-49D9-BAE7-A3053E6700A9}.Release|x64.ActiveCfg = Release|Any CPU
		{AC59C39F-835C-49D9-BAE7-A3053E6700A9}.Release|x64.Build.0 = Release|Any CPU
		{AC59C39F-835C-49D9-BAE7-A3053E6700A9}.Release|x86.ActiveCfg = Release|Any CPU
		{AC59C39F-835C-49D9-BAE7-A3053E6700A9}.Release|x86.Build.0 = Release|Any CPU
		{83CB3B3A-93DB-4516-BC9F-C84E5D13A29F}.Debug|Any CPU.ActiveCfg = Debug|Any CPU
		{83CB3B3A-93DB-4516-BC9F-C84E5D13A29F}.Debug|Any CPU.Build.0 = Debug|Any CPU
		{83CB3B3A-93DB-4516-BC9F-C84E5D13A29F}.Debug|x64.ActiveCfg = Debug|Any CPU
		{83CB3B3A-93DB-4516-BC9F-C84E5D13A29F}.Debug|x64.Build.0 = Debug|Any CPU
		{83CB3B3A-93DB-4516-BC9F-C84E5D13A29F}.Debug|x86.ActiveCfg = Debug|Any CPU
		{83CB3B3A-93DB-4516-BC9F-C84E5D13A29F}.Debug|x86.Build.0 = Debug|Any CPU
		{83CB3B3A-93DB-4516-BC9F-C84E5D13A29F}.Release|Any CPU.ActiveCfg = Release|Any CPU
		{83CB3B3A-93DB-4516-BC9F-C84E5D13A29F}.Release|Any CPU.Build.0 = Release|Any CPU
		{83CB3B3A-93DB-4516-BC9F-C84E5D13A29F}.Release|x64.ActiveCfg = Release|Any CPU
		{83CB3B3A-93DB-4516-BC9F-C84E5D13A29F}.Release|x64.Build.0 = Release|Any CPU
		{83CB3B3A-93DB-4516-BC9F-C84E5D13A29F}.Release|x86.ActiveCfg = Release|Any CPU
		{83CB3B3A-93DB-4516-BC9F-C84E5D13A29F}.Release|x86.Build.0 = Release|Any CPU
	EndGlobalSection
	GlobalSection(SolutionProperties) = preSolution
		HideSolutionNode = FALSE
	EndGlobalSection
	GlobalSection(NestedProjects) = preSolution
		{1DBC9C5A-B63C-4E71-B74E-09C56C9E572B} = {D524C632-A572-4AAD-9AB6-F80832FC2FEB}
		{FE78ADA2-2EAF-40A1-966B-E36450F11C88} = {D524C632-A572-4AAD-9AB6-F80832FC2FEB}
		{AC59C39F-835C-49D9-BAE7-A3053E6700A9} = {4CA46513-1029-4EE4-83B6-882623A9F7FB}
		{83CB3B3A-93DB-4516-BC9F-C84E5D13A29F} = {D524C632-A572-4AAD-9AB6-F80832FC2FEB}
	EndGlobalSection
	GlobalSection(ExtensibilityGlobals) = postSolution
		SolutionGuid = {A00F56A6-D7FB-4D52-95CF-FFBDA93FA0AD}
	EndGlobalSection
EndGlobal
